# THIS IS AN AUTOGENERATED FILE. DO NOT EDIT THIS FILE DIRECTLY.
# yarn lockfile v1


prisma2@^2.0.0-preview-7:
  version "2.0.0-preview-7"
  resolved "https://registry.yarnpkg.com/prisma2/-/prisma2-2.0.0-preview-7.tgz#b12e4d3d801099fce96f3719f938e690e19def0a"
  integrity sha512-wUcFypCfr7pnAeP5V/Tz9REeWCL1XTAKsVXm2cJl/jXj+XdbWxNKLybKFxgCasM91XLSRKLG5EibkIP2lZitVA==
